{
  "object": {
    "pins": [
      {
        "package": "KSCharts",
        "repositoryURL": "https://github.com/karthironald/KSCharts",
        "state": {
          "branch": "main",
          "revision": "8812cdacbf0ccfc49196c8e35e5561a612293153",
          "version": null
        }
      }
    ]
  },
  "version": 1
}
