{
  "object": {
    "pins": [
      {
        "package": "KSCharts",
        "repositoryURL": "https://github.com/karthironald/KSCharts",
        "state": {
          "branch": "main",
          "revision": "a9dff2534fcfe698fac0b97aa1429dfdb65cff03",
          "version": null
        }
      }
    ]
  },
  "version": 1
}
