// !$*UTF8*$!
{
	archiveVersion = 1;
	classes = {
	};
	objectVersion = 51;
	objects = {

/* Begin PBXBuildFile section */
		571165E17AFFF4F098559E8A /* Pods_FinMan__macOS_.framework in Frameworks */ = {isa = PBXBuildFile; fileRef = 9E0256DFA6C71A756F2C6C2A /* Pods_FinMan__macOS_.framework */; };
		770D6AA4265D6D210086182E /* FMHud.swift in Sources */ = {isa = PBXBuildFile; fileRef = 770D6AA3265D6D210086182E /* FMHud.swift */; };
		7717777E2650F0CD00F5F28D /* FMLoadingHelper.swift in Sources */ = {isa = PBXBuildFile; fileRef = 7717777D2650F0CD00F5F28D /* FMLoadingHelper.swift */; };
		77342755264F8A4400632949 /* FMSignupView.swift in Sources */ = {isa = PBXBuildFile; fileRef = 77342754264F8A4400632949 /* FMSignupView.swift */; };
		77342757264F8A6100632949 /* FMProfileView.swift in Sources */ = {isa = PBXBuildFile; fileRef = 77342756264F8A6100632949 /* FMProfileView.swift */; };
		77342759264FA18F00632949 /* FMLandingView.swift in Sources */ = {isa = PBXBuildFile; fileRef = 77342758264FA18F00632949 /* FMLandingView.swift */; };
		7734275B264FA64C00632949 /* FMConstant.swift in Sources */ = {isa = PBXBuildFile; fileRef = 7734275A264FA64C00632949 /* FMConstant.swift */; };
		7734275D264FE01200632949 /* FMHelper.swift in Sources */ = {isa = PBXBuildFile; fileRef = 7734275C264FE01100632949 /* FMHelper.swift */; };
		7759FB152622083900F8520B /* FMAddTransactionView.swift in Sources */ = {isa = PBXBuildFile; fileRef = 7759FB142622083900F8520B /* FMAddTransactionView.swift */; };
		7759FB162622083900F8520B /* FMAddTransactionView.swift in Sources */ = {isa = PBXBuildFile; fileRef = 7759FB142622083900F8520B /* FMAddTransactionView.swift */; };
		776155AB263724D2000382B4 /* FMTransactionRowViewModel.swift in Sources */ = {isa = PBXBuildFile; fileRef = 776155AA263724D2000382B4 /* FMTransactionRowViewModel.swift */; };
		776155AC263724D2000382B4 /* FMTransactionRowViewModel.swift in Sources */ = {isa = PBXBuildFile; fileRef = 776155AA263724D2000382B4 /* FMTransactionRowViewModel.swift */; };
		776155B226372500000382B4 /* FMTransactionRepository.swift in Sources */ = {isa = PBXBuildFile; fileRef = 776155B126372500000382B4 /* FMTransactionRepository.swift */; };
		776155B326372500000382B4 /* FMTransactionRepository.swift in Sources */ = {isa = PBXBuildFile; fileRef = 776155B126372500000382B4 /* FMTransactionRepository.swift */; };
		77A22F272621A8C900AE2F4F /* ContentView.swift in Sources */ = {isa = PBXBuildFile; fileRef = 77A22F232621A8C900AE2F4F /* ContentView.swift */; };
		77A22F282621A8C900AE2F4F /* ContentView.swift in Sources */ = {isa = PBXBuildFile; fileRef = 77A22F232621A8C900AE2F4F /* ContentView.swift */; };
		77A22F292621A8C900AE2F4F /* FMTransactionListView.swift in Sources */ = {isa = PBXBuildFile; fileRef = 77A22F252621A8C900AE2F4F /* FMTransactionListView.swift */; };
		77A22F2A2621A8C900AE2F4F /* FMTransactionListView.swift in Sources */ = {isa = PBXBuildFile; fileRef = 77A22F252621A8C900AE2F4F /* FMTransactionListView.swift */; };
		77A22F2B2621A8C900AE2F4F /* FMTransactionRowView.swift in Sources */ = {isa = PBXBuildFile; fileRef = 77A22F262621A8C900AE2F4F /* FMTransactionRowView.swift */; };
		77A22F2C2621A8C900AE2F4F /* FMTransactionRowView.swift in Sources */ = {isa = PBXBuildFile; fileRef = 77A22F262621A8C900AE2F4F /* FMTransactionRowView.swift */; };
		77A22F322621A8E400AE2F4F /* FMTabView.swift in Sources */ = {isa = PBXBuildFile; fileRef = 77A22F312621A8E400AE2F4F /* FMTabView.swift */; };
		77A22F332621A8E400AE2F4F /* FMTabView.swift in Sources */ = {isa = PBXBuildFile; fileRef = 77A22F312621A8E400AE2F4F /* FMTabView.swift */; };
		77A22F3A2621A8F200AE2F4F /* FMTransaction.swift in Sources */ = {isa = PBXBuildFile; fileRef = 77A22F392621A8F200AE2F4F /* FMTransaction.swift */; };
		77A22F3B2621A8F200AE2F4F /* FMTransaction.swift in Sources */ = {isa = PBXBuildFile; fileRef = 77A22F392621A8F200AE2F4F /* FMTransaction.swift */; };
		77A22F492621A92000AE2F4F /* FMTransactionListViewModel.swift in Sources */ = {isa = PBXBuildFile; fileRef = 77A22F482621A92000AE2F4F /* FMTransactionListViewModel.swift */; };
		77A22F4A2621A92000AE2F4F /* FMTransactionListViewModel.swift in Sources */ = {isa = PBXBuildFile; fileRef = 77A22F482621A92000AE2F4F /* FMTransactionListViewModel.swift */; };
		77AB839E261CC1F600F44999 /* Tests_iOS.swift in Sources */ = {isa = PBXBuildFile; fileRef = 77AB839D261CC1F600F44999 /* Tests_iOS.swift */; };
		77AB83A9261CC1F600F44999 /* Tests_macOS.swift in Sources */ = {isa = PBXBuildFile; fileRef = 77AB83A8261CC1F600F44999 /* Tests_macOS.swift */; };
		77AB83AB261CC1F600F44999 /* FinManApp.swift in Sources */ = {isa = PBXBuildFile; fileRef = 77AB8382261CC1F500F44999 /* FinManApp.swift */; };
		77AB83AC261CC1F600F44999 /* FinManApp.swift in Sources */ = {isa = PBXBuildFile; fileRef = 77AB8382261CC1F500F44999 /* FinManApp.swift */; };
		77AB83AF261CC1F600F44999 /* Assets.xcassets in Resources */ = {isa = PBXBuildFile; fileRef = 77AB8384261CC1F600F44999 /* Assets.xcassets */; };
		77AB83B0261CC1F600F44999 /* Assets.xcassets in Resources */ = {isa = PBXBuildFile; fileRef = 77AB8384261CC1F600F44999 /* Assets.xcassets */; };
		77C3ADC3263E3A7100FAEF88 /* FMAccountRepository.swift in Sources */ = {isa = PBXBuildFile; fileRef = 77C3ADC2263E3A7100FAEF88 /* FMAccountRepository.swift */; };
		77C3ADC4263E3A7100FAEF88 /* FMAccountRepository.swift in Sources */ = {isa = PBXBuildFile; fileRef = 77C3ADC2263E3A7100FAEF88 /* FMAccountRepository.swift */; };
		77C3ADCB263E3AB200FAEF88 /* FMAccount.swift in Sources */ = {isa = PBXBuildFile; fileRef = 77C3ADCA263E3AB200FAEF88 /* FMAccount.swift */; };
		77C3ADCC263E3AB200FAEF88 /* FMAccount.swift in Sources */ = {isa = PBXBuildFile; fileRef = 77C3ADCA263E3AB200FAEF88 /* FMAccount.swift */; };
		77C3ADD7263E3B5500FAEF88 /* FMAccountListViewModel.swift in Sources */ = {isa = PBXBuildFile; fileRef = 77C3ADD6263E3B5500FAEF88 /* FMAccountListViewModel.swift */; };
		77C3ADD8263E3B5500FAEF88 /* FMAccountListViewModel.swift in Sources */ = {isa = PBXBuildFile; fileRef = 77C3ADD6263E3B5500FAEF88 /* FMAccountListViewModel.swift */; };
		77C3ADE2263E3BAF00FAEF88 /* FMAccountRowViewModel.swift in Sources */ = {isa = PBXBuildFile; fileRef = 77C3ADE1263E3BAF00FAEF88 /* FMAccountRowViewModel.swift */; };
		77C3ADE3263E3BAF00FAEF88 /* FMAccountRowViewModel.swift in Sources */ = {isa = PBXBuildFile; fileRef = 77C3ADE1263E3BAF00FAEF88 /* FMAccountRowViewModel.swift */; };
		77C3AE01263E49ED00FAEF88 /* FMAccountListView.swift in Sources */ = {isa = PBXBuildFile; fileRef = 77C3AE00263E49ED00FAEF88 /* FMAccountListView.swift */; };
		77C3AE02263E49ED00FAEF88 /* FMAccountListView.swift in Sources */ = {isa = PBXBuildFile; fileRef = 77C3AE00263E49ED00FAEF88 /* FMAccountListView.swift */; };
		77C3AE0C263E49F900FAEF88 /* FMAccountRowView.swift in Sources */ = {isa = PBXBuildFile; fileRef = 77C3AE0B263E49F900FAEF88 /* FMAccountRowView.swift */; };
		77C3AE0D263E49F900FAEF88 /* FMAccountRowView.swift in Sources */ = {isa = PBXBuildFile; fileRef = 77C3AE0B263E49F900FAEF88 /* FMAccountRowView.swift */; };
		77C3AE13263E887900FAEF88 /* FMAddAccountView.swift in Sources */ = {isa = PBXBuildFile; fileRef = 77C3AE12263E887800FAEF88 /* FMAddAccountView.swift */; };
		77C3AE14263E887900FAEF88 /* FMAddAccountView.swift in Sources */ = {isa = PBXBuildFile; fileRef = 77C3AE12263E887800FAEF88 /* FMAddAccountView.swift */; };
		77C3AE3B263F069F00FAEF88 /* FMExtension.swift in Sources */ = {isa = PBXBuildFile; fileRef = 77C3AE3A263F069E00FAEF88 /* FMExtension.swift */; };
		77C3AE3C263F069F00FAEF88 /* FMExtension.swift in Sources */ = {isa = PBXBuildFile; fileRef = 77C3AE3A263F069E00FAEF88 /* FMExtension.swift */; };
		77C6AF57262C315900321F04 /* FMTransactionDetailView.swift in Sources */ = {isa = PBXBuildFile; fileRef = 77C6AF56262C315900321F04 /* FMTransactionDetailView.swift */; };
		77C6AF58262C315900321F04 /* FMTransactionDetailView.swift in Sources */ = {isa = PBXBuildFile; fileRef = 77C6AF56262C315900321F04 /* FMTransactionDetailView.swift */; };
		77E5C7B62637329B00F64A73 /* FMAuthenticationService.swift in Sources */ = {isa = PBXBuildFile; fileRef = 77E5C7B52637329B00F64A73 /* FMAuthenticationService.swift */; };
		77E5C7B72637329B00F64A73 /* FMAuthenticationService.swift in Sources */ = {isa = PBXBuildFile; fileRef = 77E5C7B52637329B00F64A73 /* FMAuthenticationService.swift */; };
		77E5C80B2637363800F64A73 /* GoogleService-Info.plist in Resources */ = {isa = PBXBuildFile; fileRef = 77E5C80A2637363800F64A73 /* GoogleService-Info.plist */; };
		CE1AF24C6D6266D03CD8C5D8 /* Pods_FinMan__iOS_.framework in Frameworks */ = {isa = PBXBuildFile; fileRef = C87E7DE35C041FE296F56E19 /* Pods_FinMan__iOS_.framework */; };
/* End PBXBuildFile section */

/* Begin PBXContainerItemProxy section */
		77AB839A261CC1F600F44999 /* PBXContainerItemProxy */ = {
			isa = PBXContainerItemProxy;
			containerPortal = 77AB837D261CC1F500F44999 /* Project object */;
			proxyType = 1;
			remoteGlobalIDString = 77AB8388261CC1F600F44999;
			remoteInfo = "FinMan (iOS)";
		};
		77AB83A5261CC1F600F44999 /* PBXContainerItemProxy */ = {
			isa = PBXContainerItemProxy;
			containerPortal = 77AB837D261CC1F500F44999 /* Project object */;
			proxyType = 1;
			remoteGlobalIDString = 77AB8390261CC1F600F44999;
			remoteInfo = "FinMan (macOS)";
		};
/* End PBXContainerItemProxy section */

/* Begin PBXFileReference section */
		06EA067A2BD20ACF388C0B7C /* Pods-FinMan (iOS).debug.xcconfig */ = {isa = PBXFileReference; includeInIndex = 1; lastKnownFileType = text.xcconfig; name = "Pods-FinMan (iOS).debug.xcconfig"; path = "Target Support Files/Pods-FinMan (iOS)/Pods-FinMan (iOS).debug.xcconfig"; sourceTree = "<group>"; };
		0722921A7EFE7562C77A1452 /* Pods-FinMan (macOS).release.xcconfig */ = {isa = PBXFileReference; includeInIndex = 1; lastKnownFileType = text.xcconfig; name = "Pods-FinMan (macOS).release.xcconfig"; path = "Target Support Files/Pods-FinMan (macOS)/Pods-FinMan (macOS).release.xcconfig"; sourceTree = "<group>"; };
		770D6AA3265D6D210086182E /* FMHud.swift */ = {isa = PBXFileReference; lastKnownFileType = sourcecode.swift; path = FMHud.swift; sourceTree = "<group>"; };
		7717777D2650F0CD00F5F28D /* FMLoadingHelper.swift */ = {isa = PBXFileReference; lastKnownFileType = sourcecode.swift; path = FMLoadingHelper.swift; sourceTree = "<group>"; };
		77342754264F8A4400632949 /* FMSignupView.swift */ = {isa = PBXFileReference; lastKnownFileType = sourcecode.swift; path = FMSignupView.swift; sourceTree = "<group>"; };
		77342756264F8A6100632949 /* FMProfileView.swift */ = {isa = PBXFileReference; lastKnownFileType = sourcecode.swift; path = FMProfileView.swift; sourceTree = "<group>"; };
		77342758264FA18F00632949 /* FMLandingView.swift */ = {isa = PBXFileReference; lastKnownFileType = sourcecode.swift; path = FMLandingView.swift; sourceTree = "<group>"; };
		7734275A264FA64C00632949 /* FMConstant.swift */ = {isa = PBXFileReference; lastKnownFileType = sourcecode.swift; path = FMConstant.swift; sourceTree = "<group>"; };
		7734275C264FE01100632949 /* FMHelper.swift */ = {isa = PBXFileReference; lastKnownFileType = sourcecode.swift; path = FMHelper.swift; sourceTree = "<group>"; };
		7759FB142622083900F8520B /* FMAddTransactionView.swift */ = {isa = PBXFileReference; lastKnownFileType = sourcecode.swift; path = FMAddTransactionView.swift; sourceTree = "<group>"; };
		776155AA263724D2000382B4 /* FMTransactionRowViewModel.swift */ = {isa = PBXFileReference; lastKnownFileType = sourcecode.swift; path = FMTransactionRowViewModel.swift; sourceTree = "<group>"; };
		776155B126372500000382B4 /* FMTransactionRepository.swift */ = {isa = PBXFileReference; lastKnownFileType = sourcecode.swift; path = FMTransactionRepository.swift; sourceTree = "<group>"; };
		77A22F232621A8C900AE2F4F /* ContentView.swift */ = {isa = PBXFileReference; fileEncoding = 4; lastKnownFileType = sourcecode.swift; path = ContentView.swift; sourceTree = "<group>"; };
		77A22F252621A8C900AE2F4F /* FMTransactionListView.swift */ = {isa = PBXFileReference; fileEncoding = 4; lastKnownFileType = sourcecode.swift; path = FMTransactionListView.swift; sourceTree = "<group>"; };
		77A22F262621A8C900AE2F4F /* FMTransactionRowView.swift */ = {isa = PBXFileReference; fileEncoding = 4; lastKnownFileType = sourcecode.swift; path = FMTransactionRowView.swift; sourceTree = "<group>"; };
		77A22F312621A8E400AE2F4F /* FMTabView.swift */ = {isa = PBXFileReference; fileEncoding = 4; lastKnownFileType = sourcecode.swift; path = FMTabView.swift; sourceTree = "<group>"; };
		77A22F392621A8F200AE2F4F /* FMTransaction.swift */ = {isa = PBXFileReference; fileEncoding = 4; lastKnownFileType = sourcecode.swift; path = FMTransaction.swift; sourceTree = "<group>"; };
		77A22F482621A92000AE2F4F /* FMTransactionListViewModel.swift */ = {isa = PBXFileReference; fileEncoding = 4; lastKnownFileType = sourcecode.swift; path = FMTransactionListViewModel.swift; sourceTree = "<group>"; };
		77AB8382261CC1F500F44999 /* FinManApp.swift */ = {isa = PBXFileReference; lastKnownFileType = sourcecode.swift; path = FinManApp.swift; sourceTree = "<group>"; };
		77AB8384261CC1F600F44999 /* Assets.xcassets */ = {isa = PBXFileReference; lastKnownFileType = folder.assetcatalog; path = Assets.xcassets; sourceTree = "<group>"; };
		77AB8389261CC1F600F44999 /* FinMan.app */ = {isa = PBXFileReference; explicitFileType = wrapper.application; includeInIndex = 0; path = FinMan.app; sourceTree = BUILT_PRODUCTS_DIR; };
		77AB838C261CC1F600F44999 /* Info.plist */ = {isa = PBXFileReference; lastKnownFileType = text.plist.xml; path = Info.plist; sourceTree = "<group>"; };
		77AB8391261CC1F600F44999 /* FinMan.app */ = {isa = PBXFileReference; explicitFileType = wrapper.application; includeInIndex = 0; path = FinMan.app; sourceTree = BUILT_PRODUCTS_DIR; };
		77AB8393261CC1F600F44999 /* Info.plist */ = {isa = PBXFileReference; lastKnownFileType = text.plist.xml; path = Info.plist; sourceTree = "<group>"; };
		77AB8394261CC1F600F44999 /* macOS.entitlements */ = {isa = PBXFileReference; lastKnownFileType = text.plist.entitlements; path = macOS.entitlements; sourceTree = "<group>"; };
		77AB8399261CC1F600F44999 /* Tests iOS.xctest */ = {isa = PBXFileReference; explicitFileType = wrapper.cfbundle; includeInIndex = 0; path = "Tests iOS.xctest"; sourceTree = BUILT_PRODUCTS_DIR; };
		77AB839D261CC1F600F44999 /* Tests_iOS.swift */ = {isa = PBXFileReference; lastKnownFileType = sourcecode.swift; path = Tests_iOS.swift; sourceTree = "<group>"; };
		77AB839F261CC1F600F44999 /* Info.plist */ = {isa = PBXFileReference; lastKnownFileType = text.plist.xml; path = Info.plist; sourceTree = "<group>"; };
		77AB83A4261CC1F600F44999 /* Tests macOS.xctest */ = {isa = PBXFileReference; explicitFileType = wrapper.cfbundle; includeInIndex = 0; path = "Tests macOS.xctest"; sourceTree = BUILT_PRODUCTS_DIR; };
		77AB83A8261CC1F600F44999 /* Tests_macOS.swift */ = {isa = PBXFileReference; lastKnownFileType = sourcecode.swift; path = Tests_macOS.swift; sourceTree = "<group>"; };
		77AB83AA261CC1F600F44999 /* Info.plist */ = {isa = PBXFileReference; lastKnownFileType = text.plist.xml; path = Info.plist; sourceTree = "<group>"; };
		77C3ADC2263E3A7100FAEF88 /* FMAccountRepository.swift */ = {isa = PBXFileReference; lastKnownFileType = sourcecode.swift; path = FMAccountRepository.swift; sourceTree = "<group>"; };
		77C3ADCA263E3AB200FAEF88 /* FMAccount.swift */ = {isa = PBXFileReference; lastKnownFileType = sourcecode.swift; path = FMAccount.swift; sourceTree = "<group>"; };
		77C3ADD6263E3B5500FAEF88 /* FMAccountListViewModel.swift */ = {isa = PBXFileReference; lastKnownFileType = sourcecode.swift; path = FMAccountListViewModel.swift; sourceTree = "<group>"; };
		77C3ADE1263E3BAF00FAEF88 /* FMAccountRowViewModel.swift */ = {isa = PBXFileReference; lastKnownFileType = sourcecode.swift; path = FMAccountRowViewModel.swift; sourceTree = "<group>"; };
		77C3AE00263E49ED00FAEF88 /* FMAccountListView.swift */ = {isa = PBXFileReference; lastKnownFileType = sourcecode.swift; path = FMAccountListView.swift; sourceTree = "<group>"; };
		77C3AE0B263E49F900FAEF88 /* FMAccountRowView.swift */ = {isa = PBXFileReference; lastKnownFileType = sourcecode.swift; path = FMAccountRowView.swift; sourceTree = "<group>"; };
		77C3AE12263E887800FAEF88 /* FMAddAccountView.swift */ = {isa = PBXFileReference; lastKnownFileType = sourcecode.swift; path = FMAddAccountView.swift; sourceTree = "<group>"; };
		77C3AE3A263F069E00FAEF88 /* FMExtension.swift */ = {isa = PBXFileReference; lastKnownFileType = sourcecode.swift; path = FMExtension.swift; sourceTree = "<group>"; };
		77C6AF56262C315900321F04 /* FMTransactionDetailView.swift */ = {isa = PBXFileReference; lastKnownFileType = sourcecode.swift; path = FMTransactionDetailView.swift; sourceTree = "<group>"; };
		77E5C7B52637329B00F64A73 /* FMAuthenticationService.swift */ = {isa = PBXFileReference; lastKnownFileType = sourcecode.swift; path = FMAuthenticationService.swift; sourceTree = "<group>"; };
		77E5C80A2637363800F64A73 /* GoogleService-Info.plist */ = {isa = PBXFileReference; fileEncoding = 4; lastKnownFileType = text.plist.xml; path = "GoogleService-Info.plist"; sourceTree = "<group>"; };
		9E0256DFA6C71A756F2C6C2A /* Pods_FinMan__macOS_.framework */ = {isa = PBXFileReference; explicitFileType = wrapper.framework; includeInIndex = 0; path = Pods_FinMan__macOS_.framework; sourceTree = BUILT_PRODUCTS_DIR; };
		C87E7DE35C041FE296F56E19 /* Pods_FinMan__iOS_.framework */ = {isa = PBXFileReference; explicitFileType = wrapper.framework; includeInIndex = 0; path = Pods_FinMan__iOS_.framework; sourceTree = BUILT_PRODUCTS_DIR; };
		DCF5B48F956346ECF3822AED /* Pods-FinMan (iOS).release.xcconfig */ = {isa = PBXFileReference; includeInIndex = 1; lastKnownFileType = text.xcconfig; name = "Pods-FinMan (iOS).release.xcconfig"; path = "Target Support Files/Pods-FinMan (iOS)/Pods-FinMan (iOS).release.xcconfig"; sourceTree = "<group>"; };
		F3F5A8FC264C2D9C324863A5 /* Pods-FinMan (macOS).debug.xcconfig */ = {isa = PBXFileReference; includeInIndex = 1; lastKnownFileType = text.xcconfig; name = "Pods-FinMan (macOS).debug.xcconfig"; path = "Target Support Files/Pods-FinMan (macOS)/Pods-FinMan (macOS).debug.xcconfig"; sourceTree = "<group>"; };
/* End PBXFileReference section */

/* Begin PBXFrameworksBuildPhase section */
		77AB8386261CC1F600F44999 /* Frameworks */ = {
			isa = PBXFrameworksBuildPhase;
			buildActionMask = 2147483647;
			files = (
				CE1AF24C6D6266D03CD8C5D8 /* Pods_FinMan__iOS_.framework in Frameworks */,
			);
			runOnlyForDeploymentPostprocessing = 0;
		};
		77AB838E261CC1F600F44999 /* Frameworks */ = {
			isa = PBXFrameworksBuildPhase;
			buildActionMask = 2147483647;
			files = (
				571165E17AFFF4F098559E8A /* Pods_FinMan__macOS_.framework in Frameworks */,
			);
			runOnlyForDeploymentPostprocessing = 0;
		};
		77AB8396261CC1F600F44999 /* Frameworks */ = {
			isa = PBXFrameworksBuildPhase;
			buildActionMask = 2147483647;
			files = (
			);
			runOnlyForDeploymentPostprocessing = 0;
		};
		77AB83A1261CC1F600F44999 /* Frameworks */ = {
			isa = PBXFrameworksBuildPhase;
			buildActionMask = 2147483647;
			files = (
			);
			runOnlyForDeploymentPostprocessing = 0;
		};
/* End PBXFrameworksBuildPhase section */

/* Begin PBXGroup section */
		77342753264F8A3000632949 /* User */ = {
			isa = PBXGroup;
			children = (
				77342754264F8A4400632949 /* FMSignupView.swift */,
				77342756264F8A6100632949 /* FMProfileView.swift */,
				77342758264FA18F00632949 /* FMLandingView.swift */,
			);
			path = User;
			sourceTree = "<group>";
		};
		776155A126372479000382B4 /* Repository */ = {
			isa = PBXGroup;
			children = (
				776155B126372500000382B4 /* FMTransactionRepository.swift */,
				77C3ADC2263E3A7100FAEF88 /* FMAccountRepository.swift */,
			);
			path = Repository;
			sourceTree = "<group>";
		};
		77A22F222621A8C900AE2F4F /* Common */ = {
			isa = PBXGroup;
			children = (
				77A22F312621A8E400AE2F4F /* FMTabView.swift */,
				77A22F232621A8C900AE2F4F /* ContentView.swift */,
			);
			path = Common;
			sourceTree = "<group>";
		};
		77A22F242621A8C900AE2F4F /* Transaction */ = {
			isa = PBXGroup;
			children = (
				77A22F252621A8C900AE2F4F /* FMTransactionListView.swift */,
				77A22F262621A8C900AE2F4F /* FMTransactionRowView.swift */,
				7759FB142622083900F8520B /* FMAddTransactionView.swift */,
				77C6AF56262C315900321F04 /* FMTransactionDetailView.swift */,
			);
			path = Transaction;
			sourceTree = "<group>";
		};
		77A22F382621A8F200AE2F4F /* Transaction */ = {
			isa = PBXGroup;
			children = (
				77A22F392621A8F200AE2F4F /* FMTransaction.swift */,
			);
			path = Transaction;
			sourceTree = "<group>";
		};
		77A22F472621A92000AE2F4F /* Transaction */ = {
			isa = PBXGroup;
			children = (
				77A22F482621A92000AE2F4F /* FMTransactionListViewModel.swift */,
				776155AA263724D2000382B4 /* FMTransactionRowViewModel.swift */,
			);
			path = Transaction;
			sourceTree = "<group>";
		};
		77AB837C261CC1F500F44999 = {
			isa = PBXGroup;
			children = (
				77E5C80A2637363800F64A73 /* GoogleService-Info.plist */,
				77AB8381261CC1F500F44999 /* Shared */,
				77AB838B261CC1F600F44999 /* iOS */,
				77AB8392261CC1F600F44999 /* macOS */,
				77AB839C261CC1F600F44999 /* Tests iOS */,
				77AB83A7261CC1F600F44999 /* Tests macOS */,
				77AB838A261CC1F600F44999 /* Products */,
				C0C2EDD35A43BB80C408C4EC /* Pods */,
				E5180E2012D1134638C7CD10 /* Frameworks */,
			);
			sourceTree = "<group>";
		};
		77AB8381261CC1F500F44999 /* Shared */ = {
			isa = PBXGroup;
			children = (
				776155A126372479000382B4 /* Repository */,
				77BE7198262C2A6C0017CDCE /* Helper */,
				77AB83CA261CC68C00F44999 /* Model */,
				77AB83C7261CC68C00F44999 /* View */,
				77AB83C8261CC68C00F44999 /* ViewModel */,
				77AB8382261CC1F500F44999 /* FinManApp.swift */,
				77AB8384261CC1F600F44999 /* Assets.xcassets */,
			);
			path = Shared;
			sourceTree = "<group>";
		};
		77AB838A261CC1F600F44999 /* Products */ = {
			isa = PBXGroup;
			children = (
				77AB8389261CC1F600F44999 /* FinMan.app */,
				77AB8391261CC1F600F44999 /* FinMan.app */,
				77AB8399261CC1F600F44999 /* Tests iOS.xctest */,
				77AB83A4261CC1F600F44999 /* Tests macOS.xctest */,
			);
			name = Products;
			sourceTree = "<group>";
		};
		77AB838B261CC1F600F44999 /* iOS */ = {
			isa = PBXGroup;
			children = (
				77AB838C261CC1F600F44999 /* Info.plist */,
			);
			path = iOS;
			sourceTree = "<group>";
		};
		77AB8392261CC1F600F44999 /* macOS */ = {
			isa = PBXGroup;
			children = (
				77AB8393261CC1F600F44999 /* Info.plist */,
				77AB8394261CC1F600F44999 /* macOS.entitlements */,
			);
			path = macOS;
			sourceTree = "<group>";
		};
		77AB839C261CC1F600F44999 /* Tests iOS */ = {
			isa = PBXGroup;
			children = (
				77AB839D261CC1F600F44999 /* Tests_iOS.swift */,
				77AB839F261CC1F600F44999 /* Info.plist */,
			);
			path = "Tests iOS";
			sourceTree = "<group>";
		};
		77AB83A7261CC1F600F44999 /* Tests macOS */ = {
			isa = PBXGroup;
			children = (
				77AB83A8261CC1F600F44999 /* Tests_macOS.swift */,
				77AB83AA261CC1F600F44999 /* Info.plist */,
			);
			path = "Tests macOS";
			sourceTree = "<group>";
		};
		77AB83C7261CC68C00F44999 /* View */ = {
			isa = PBXGroup;
			children = (
				77342753264F8A3000632949 /* User */,
				77C3ADFF263E49DE00FAEF88 /* Account */,
				77A22F222621A8C900AE2F4F /* Common */,
				77A22F242621A8C900AE2F4F /* Transaction */,
			);
			path = View;
			sourceTree = "<group>";
		};
		77AB83C8261CC68C00F44999 /* ViewModel */ = {
			isa = PBXGroup;
			children = (
				77C3ADD5263E3B3F00FAEF88 /* Account */,
				77A22F472621A92000AE2F4F /* Transaction */,
			);
			path = ViewModel;
			sourceTree = "<group>";
		};
		77AB83CA261CC68C00F44999 /* Model */ = {
			isa = PBXGroup;
			children = (
				77C3ADC9263E3AAA00FAEF88 /* Account */,
				77A22F382621A8F200AE2F4F /* Transaction */,
			);
			path = Model;
			sourceTree = "<group>";
		};
		77BE7198262C2A6C0017CDCE /* Helper */ = {
			isa = PBXGroup;
			children = (
				77E5C7B52637329B00F64A73 /* FMAuthenticationService.swift */,
				77C3AE3A263F069E00FAEF88 /* FMExtension.swift */,
				7734275A264FA64C00632949 /* FMConstant.swift */,
				7734275C264FE01100632949 /* FMHelper.swift */,
				7717777D2650F0CD00F5F28D /* FMLoadingHelper.swift */,
				770D6AA3265D6D210086182E /* FMHud.swift */,
			);
			path = Helper;
			sourceTree = "<group>";
		};
		77C3ADC9263E3AAA00FAEF88 /* Account */ = {
			isa = PBXGroup;
			children = (
				77C3ADCA263E3AB200FAEF88 /* FMAccount.swift */,
			);
			path = Account;
			sourceTree = "<group>";
		};
		77C3ADD5263E3B3F00FAEF88 /* Account */ = {
			isa = PBXGroup;
			children = (
				77C3ADD6263E3B5500FAEF88 /* FMAccountListViewModel.swift */,
				77C3ADE1263E3BAF00FAEF88 /* FMAccountRowViewModel.swift */,
			);
			path = Account;
			sourceTree = "<group>";
		};
		77C3ADFF263E49DE00FAEF88 /* Account */ = {
			isa = PBXGroup;
			children = (
				77C3AE00263E49ED00FAEF88 /* FMAccountListView.swift */,
				77C3AE0B263E49F900FAEF88 /* FMAccountRowView.swift */,
				77C3AE12263E887800FAEF88 /* FMAddAccountView.swift */,
			);
			path = Account;
			sourceTree = "<group>";
		};
		C0C2EDD35A43BB80C408C4EC /* Pods */ = {
			isa = PBXGroup;
			children = (
				06EA067A2BD20ACF388C0B7C /* Pods-FinMan (iOS).debug.xcconfig */,
				DCF5B48F956346ECF3822AED /* Pods-FinMan (iOS).release.xcconfig */,
				F3F5A8FC264C2D9C324863A5 /* Pods-FinMan (macOS).debug.xcconfig */,
				0722921A7EFE7562C77A1452 /* Pods-FinMan (macOS).release.xcconfig */,
			);
			path = Pods;
			sourceTree = "<group>";
		};
		E5180E2012D1134638C7CD10 /* Frameworks */ = {
			isa = PBXGroup;
			children = (
				C87E7DE35C041FE296F56E19 /* Pods_FinMan__iOS_.framework */,
				9E0256DFA6C71A756F2C6C2A /* Pods_FinMan__macOS_.framework */,
			);
			name = Frameworks;
			sourceTree = "<group>";
		};
/* End PBXGroup section */

/* Begin PBXNativeTarget section */
		77AB8388261CC1F600F44999 /* FinMan (iOS) */ = {
			isa = PBXNativeTarget;
			buildConfigurationList = 77AB83B3261CC1F600F44999 /* Build configuration list for PBXNativeTarget "FinMan (iOS)" */;
			buildPhases = (
				AA6DBFFE48513D212C6BC345 /* [CP] Check Pods Manifest.lock */,
				77AB8385261CC1F600F44999 /* Sources */,
				77AB8386261CC1F600F44999 /* Frameworks */,
				77AB8387261CC1F600F44999 /* Resources */,
				F8E6EAF4EB6CC690134E34F0 /* [CP] Embed Pods Frameworks */,
			);
			buildRules = (
			);
			dependencies = (
			);
			name = "FinMan (iOS)";
			productName = "FinMan (iOS)";
			productReference = 77AB8389261CC1F600F44999 /* FinMan.app */;
			productType = "com.apple.product-type.application";
		};
		77AB8390261CC1F600F44999 /* FinMan (macOS) */ = {
			isa = PBXNativeTarget;
			buildConfigurationList = 77AB83B6261CC1F600F44999 /* Build configuration list for PBXNativeTarget "FinMan (macOS)" */;
			buildPhases = (
				F924935B501FCA7DC1B31868 /* [CP] Check Pods Manifest.lock */,
				77AB838D261CC1F600F44999 /* Sources */,
				77AB838E261CC1F600F44999 /* Frameworks */,
				77AB838F261CC1F600F44999 /* Resources */,
			);
			buildRules = (
			);
			dependencies = (
			);
			name = "FinMan (macOS)";
			productName = "FinMan (macOS)";
			productReference = 77AB8391261CC1F600F44999 /* FinMan.app */;
			productType = "com.apple.product-type.application";
		};
		77AB8398261CC1F600F44999 /* Tests iOS */ = {
			isa = PBXNativeTarget;
			buildConfigurationList = 77AB83B9261CC1F600F44999 /* Build configuration list for PBXNativeTarget "Tests iOS" */;
			buildPhases = (
				77AB8395261CC1F600F44999 /* Sources */,
				77AB8396261CC1F600F44999 /* Frameworks */,
				77AB8397261CC1F600F44999 /* Resources */,
			);
			buildRules = (
			);
			dependencies = (
				77AB839B261CC1F600F44999 /* PBXTargetDependency */,
			);
			name = "Tests iOS";
			productName = "Tests iOS";
			productReference = 77AB8399261CC1F600F44999 /* Tests iOS.xctest */;
			productType = "com.apple.product-type.bundle.ui-testing";
		};
		77AB83A3261CC1F600F44999 /* Tests macOS */ = {
			isa = PBXNativeTarget;
			buildConfigurationList = 77AB83BC261CC1F600F44999 /* Build configuration list for PBXNativeTarget "Tests macOS" */;
			buildPhases = (
				77AB83A0261CC1F600F44999 /* Sources */,
				77AB83A1261CC1F600F44999 /* Frameworks */,
				77AB83A2261CC1F600F44999 /* Resources */,
			);
			buildRules = (
			);
			dependencies = (
				77AB83A6261CC1F600F44999 /* PBXTargetDependency */,
			);
			name = "Tests macOS";
			productName = "Tests macOS";
			productReference = 77AB83A4261CC1F600F44999 /* Tests macOS.xctest */;
			productType = "com.apple.product-type.bundle.ui-testing";
		};
/* End PBXNativeTarget section */

/* Begin PBXProject section */
		77AB837D261CC1F500F44999 /* Project object */ = {
			isa = PBXProject;
			attributes = {
				CLASSPREFIX = FM;
				LastSwiftUpdateCheck = 1240;
				LastUpgradeCheck = 1240;
				TargetAttributes = {
					77AB8388261CC1F600F44999 = {
						CreatedOnToolsVersion = 12.4;
					};
					77AB8390261CC1F600F44999 = {
						CreatedOnToolsVersion = 12.4;
					};
					77AB8398261CC1F600F44999 = {
						CreatedOnToolsVersion = 12.4;
						TestTargetID = 77AB8388261CC1F600F44999;
					};
					77AB83A3261CC1F600F44999 = {
						CreatedOnToolsVersion = 12.4;
						TestTargetID = 77AB8390261CC1F600F44999;
					};
				};
			};
			buildConfigurationList = 77AB8380261CC1F500F44999 /* Build configuration list for PBXProject "FinMan" */;
			compatibilityVersion = "Xcode 9.3";
			developmentRegion = en;
			hasScannedForEncodings = 0;
			knownRegions = (
				en,
				Base,
			);
			mainGroup = 77AB837C261CC1F500F44999;
			productRefGroup = 77AB838A261CC1F600F44999 /* Products */;
			projectDirPath = "";
			projectRoot = "";
			targets = (
				77AB8388261CC1F600F44999 /* FinMan (iOS) */,
				77AB8390261CC1F600F44999 /* FinMan (macOS) */,
				77AB8398261CC1F600F44999 /* Tests iOS */,
				77AB83A3261CC1F600F44999 /* Tests macOS */,
			);
		};
/* End PBXProject section */

/* Begin PBXResourcesBuildPhase section */
		77AB8387261CC1F600F44999 /* Resources */ = {
			isa = PBXResourcesBuildPhase;
			buildActionMask = 2147483647;
			files = (
				77AB83AF261CC1F600F44999 /* Assets.xcassets in Resources */,
				77E5C80B2637363800F64A73 /* GoogleService-Info.plist in Resources */,
			);
			runOnlyForDeploymentPostprocessing = 0;
		};
		77AB838F261CC1F600F44999 /* Resources */ = {
			isa = PBXResourcesBuildPhase;
			buildActionMask = 2147483647;
			files = (
				77AB83B0261CC1F600F44999 /* Assets.xcassets in Resources */,
			);
			runOnlyForDeploymentPostprocessing = 0;
		};
		77AB8397261CC1F600F44999 /* Resources */ = {
			isa = PBXResourcesBuildPhase;
			buildActionMask = 2147483647;
			files = (
			);
			runOnlyForDeploymentPostprocessing = 0;
		};
		77AB83A2261CC1F600F44999 /* Resources */ = {
			isa = PBXResourcesBuildPhase;
			buildActionMask = 2147483647;
			files = (
			);
			runOnlyForDeploymentPostprocessing = 0;
		};
/* End PBXResourcesBuildPhase section */

/* Begin PBXShellScriptBuildPhase section */
		AA6DBFFE48513D212C6BC345 /* [CP] Check Pods Manifest.lock */ = {
			isa = PBXShellScriptBuildPhase;
			buildActionMask = 2147483647;
			files = (
			);
			inputFileListPaths = (
			);
			inputPaths = (
				"${PODS_PODFILE_DIR_PATH}/Podfile.lock",
				"${PODS_ROOT}/Manifest.lock",
			);
			name = "[CP] Check Pods Manifest.lock";
			outputFileListPaths = (
			);
			outputPaths = (
				"$(DERIVED_FILE_DIR)/Pods-FinMan (iOS)-checkManifestLockResult.txt",
			);
			runOnlyForDeploymentPostprocessing = 0;
			shellPath = /bin/sh;
			shellScript = "diff \"${PODS_PODFILE_DIR_PATH}/Podfile.lock\" \"${PODS_ROOT}/Manifest.lock\" > /dev/null\nif [ $? != 0 ] ; then\n    # print error to STDERR\n    echo \"error: The sandbox is not in sync with the Podfile.lock. Run 'pod install' or update your CocoaPods installation.\" >&2\n    exit 1\nfi\n# This output is used by Xcode 'outputs' to avoid re-running this script phase.\necho \"SUCCESS\" > \"${SCRIPT_OUTPUT_FILE_0}\"\n";
			showEnvVarsInLog = 0;
		};
		F8E6EAF4EB6CC690134E34F0 /* [CP] Embed Pods Frameworks */ = {
			isa = PBXShellScriptBuildPhase;
			buildActionMask = 2147483647;
			files = (
			);
			inputFileListPaths = (
				"${PODS_ROOT}/Target Support Files/Pods-FinMan (iOS)/Pods-FinMan (iOS)-frameworks-${CONFIGURATION}-input-files.xcfilelist",
			);
			name = "[CP] Embed Pods Frameworks";
			outputFileListPaths = (
				"${PODS_ROOT}/Target Support Files/Pods-FinMan (iOS)/Pods-FinMan (iOS)-frameworks-${CONFIGURATION}-output-files.xcfilelist",
			);
			runOnlyForDeploymentPostprocessing = 0;
			shellPath = /bin/sh;
			shellScript = "\"${PODS_ROOT}/Target Support Files/Pods-FinMan (iOS)/Pods-FinMan (iOS)-frameworks.sh\"\n";
			showEnvVarsInLog = 0;
		};
		F924935B501FCA7DC1B31868 /* [CP] Check Pods Manifest.lock */ = {
			isa = PBXShellScriptBuildPhase;
			buildActionMask = 2147483647;
			files = (
			);
			inputFileListPaths = (
			);
			inputPaths = (
				"${PODS_PODFILE_DIR_PATH}/Podfile.lock",
				"${PODS_ROOT}/Manifest.lock",
			);
			name = "[CP] Check Pods Manifest.lock";
			outputFileListPaths = (
			);
			outputPaths = (
				"$(DERIVED_FILE_DIR)/Pods-FinMan (macOS)-checkManifestLockResult.txt",
			);
			runOnlyForDeploymentPostprocessing = 0;
			shellPath = /bin/sh;
			shellScript = "diff \"${PODS_PODFILE_DIR_PATH}/Podfile.lock\" \"${PODS_ROOT}/Manifest.lock\" > /dev/null\nif [ $? != 0 ] ; then\n    # print error to STDERR\n    echo \"error: The sandbox is not in sync with the Podfile.lock. Run 'pod install' or update your CocoaPods installation.\" >&2\n    exit 1\nfi\n# This output is used by Xcode 'outputs' to avoid re-running this script phase.\necho \"SUCCESS\" > \"${SCRIPT_OUTPUT_FILE_0}\"\n";
			showEnvVarsInLog = 0;
		};
/* End PBXShellScriptBuildPhase section */

/* Begin PBXSourcesBuildPhase section */
		77AB8385261CC1F600F44999 /* Sources */ = {
			isa = PBXSourcesBuildPhase;
			buildActionMask = 2147483647;
			files = (
				7734275B264FA64C00632949 /* FMConstant.swift in Sources */,
				7734275D264FE01200632949 /* FMHelper.swift in Sources */,
				77C3AE3B263F069F00FAEF88 /* FMExtension.swift in Sources */,
				77C3AE01263E49ED00FAEF88 /* FMAccountListView.swift in Sources */,
				77C6AF57262C315900321F04 /* FMTransactionDetailView.swift in Sources */,
				776155AB263724D2000382B4 /* FMTransactionRowViewModel.swift in Sources */,
				77342759264FA18F00632949 /* FMLandingView.swift in Sources */,
				77342755264F8A4400632949 /* FMSignupView.swift in Sources */,
				77A22F3A2621A8F200AE2F4F /* FMTransaction.swift in Sources */,
				77A22F272621A8C900AE2F4F /* ContentView.swift in Sources */,
				7759FB152622083900F8520B /* FMAddTransactionView.swift in Sources */,
				77A22F292621A8C900AE2F4F /* FMTransactionListView.swift in Sources */,
				77C3AE0C263E49F900FAEF88 /* FMAccountRowView.swift in Sources */,
				77C3ADC3263E3A7100FAEF88 /* FMAccountRepository.swift in Sources */,
				77E5C7B62637329B00F64A73 /* FMAuthenticationService.swift in Sources */,
				77A22F492621A92000AE2F4F /* FMTransactionListViewModel.swift in Sources */,
				77342757264F8A6100632949 /* FMProfileView.swift in Sources */,
				776155B226372500000382B4 /* FMTransactionRepository.swift in Sources */,
				77C3ADE2263E3BAF00FAEF88 /* FMAccountRowViewModel.swift in Sources */,
				77A22F2B2621A8C900AE2F4F /* FMTransactionRowView.swift in Sources */,
				770D6AA4265D6D210086182E /* FMHud.swift in Sources */,
				77A22F322621A8E400AE2F4F /* FMTabView.swift in Sources */,
				7717777E2650F0CD00F5F28D /* FMLoadingHelper.swift in Sources */,
				77C3ADD7263E3B5500FAEF88 /* FMAccountListViewModel.swift in Sources */,
				77C3ADCB263E3AB200FAEF88 /* FMAccount.swift in Sources */,
				77C3AE13263E887900FAEF88 /* FMAddAccountView.swift in Sources */,
				77AB83AB261CC1F600F44999 /* FinManApp.swift in Sources */,
			);
			runOnlyForDeploymentPostprocessing = 0;
		};
		77AB838D261CC1F600F44999 /* Sources */ = {
			isa = PBXSourcesBuildPhase;
			buildActionMask = 2147483647;
			files = (
				77C3AE3C263F069F00FAEF88 /* FMExtension.swift in Sources */,
				77C3AE02263E49ED00FAEF88 /* FMAccountListView.swift in Sources */,
				77C6AF58262C315900321F04 /* FMTransactionDetailView.swift in Sources */,
				776155AC263724D2000382B4 /* FMTransactionRowViewModel.swift in Sources */,
				77A22F3B2621A8F200AE2F4F /* FMTransaction.swift in Sources */,
				77A22F282621A8C900AE2F4F /* ContentView.swift in Sources */,
				7759FB162622083900F8520B /* FMAddTransactionView.swift in Sources */,
				77A22F2A2621A8C900AE2F4F /* FMTransactionListView.swift in Sources */,
				77C3AE0D263E49F900FAEF88 /* FMAccountRowView.swift in Sources */,
				77C3ADC4263E3A7100FAEF88 /* FMAccountRepository.swift in Sources */,
				77E5C7B72637329B00F64A73 /* FMAuthenticationService.swift in Sources */,
				77A22F4A2621A92000AE2F4F /* FMTransactionListViewModel.swift in Sources */,
				776155B326372500000382B4 /* FMTransactionRepository.swift in Sources */,
				77C3ADE3263E3BAF00FAEF88 /* FMAccountRowViewModel.swift in Sources */,
				77A22F332621A8E400AE2F4F /* FMTabView.swift in Sources */,
				77A22F2C2621A8C900AE2F4F /* FMTransactionRowView.swift in Sources */,
				77C3ADD8263E3B5500FAEF88 /* FMAccountListViewModel.swift in Sources */,
				77C3ADCC263E3AB200FAEF88 /* FMAccount.swift in Sources */,
				77C3AE14263E887900FAEF88 /* FMAddAccountView.swift in Sources */,
				77AB83AC261CC1F600F44999 /* FinManApp.swift in Sources */,
			);
			runOnlyForDeploymentPostprocessing = 0;
		};
		77AB8395261CC1F600F44999 /* Sources */ = {
			isa = PBXSourcesBuildPhase;
			buildActionMask = 2147483647;
			files = (
				77AB839E261CC1F600F44999 /* Tests_iOS.swift in Sources */,
			);
			runOnlyForDeploymentPostprocessing = 0;
		};
		77AB83A0261CC1F600F44999 /* Sources */ = {
			isa = PBXSourcesBuildPhase;
			buildActionMask = 2147483647;
			files = (
				77AB83A9261CC1F600F44999 /* Tests_macOS.swift in Sources */,
			);
			runOnlyForDeploymentPostprocessing = 0;
		};
/* End PBXSourcesBuildPhase section */

/* Begin PBXTargetDependency section */
		77AB839B261CC1F600F44999 /* PBXTargetDependency */ = {
			isa = PBXTargetDependency;
			target = 77AB8388261CC1F600F44999 /* FinMan (iOS) */;
			targetProxy = 77AB839A261CC1F600F44999 /* PBXContainerItemProxy */;
		};
		77AB83A6261CC1F600F44999 /* PBXTargetDependency */ = {
			isa = PBXTargetDependency;
			target = 77AB8390261CC1F600F44999 /* FinMan (macOS) */;
			targetProxy = 77AB83A5261CC1F600F44999 /* PBXContainerItemProxy */;
		};
/* End PBXTargetDependency section */

/* Begin XCBuildConfiguration section */
		77AB83B1261CC1F600F44999 /* Debug */ = {
			isa = XCBuildConfiguration;
			buildSettings = {
				ALWAYS_SEARCH_USER_PATHS = NO;
				CLANG_ANALYZER_NONNULL = YES;
				CLANG_ANALYZER_NUMBER_OBJECT_CONVERSION = YES_AGGRESSIVE;
				CLANG_CXX_LANGUAGE_STANDARD = "gnu++14";
				CLANG_CXX_LIBRARY = "libc++";
				CLANG_ENABLE_MODULES = YES;
				CLANG_ENABLE_OBJC_ARC = YES;
				CLANG_ENABLE_OBJC_WEAK = YES;
				CLANG_WARN_BLOCK_CAPTURE_AUTORELEASING = YES;
				CLANG_WARN_BOOL_CONVERSION = YES;
				CLANG_WARN_COMMA = YES;
				CLANG_WARN_CONSTANT_CONVERSION = YES;
				CLANG_WARN_DEPRECATED_OBJC_IMPLEMENTATIONS = YES;
				CLANG_WARN_DIRECT_OBJC_ISA_USAGE = YES_ERROR;
				CLANG_WARN_DOCUMENTATION_COMMENTS = YES;
				CLANG_WARN_EMPTY_BODY = YES;
				CLANG_WARN_ENUM_CONVERSION = YES;
				CLANG_WARN_INFINITE_RECURSION = YES;
				CLANG_WARN_INT_CONVERSION = YES;
				CLANG_WARN_NON_LITERAL_NULL_CONVERSION = YES;
				CLANG_WARN_OBJC_IMPLICIT_RETAIN_SELF = YES;
				CLANG_WARN_OBJC_LITERAL_CONVERSION = YES;
				CLANG_WARN_OBJC_ROOT_CLASS = YES_ERROR;
				CLANG_WARN_QUOTED_INCLUDE_IN_FRAMEWORK_HEADER = YES;
				CLANG_WARN_RANGE_LOOP_ANALYSIS = YES;
				CLANG_WARN_STRICT_PROTOTYPES = YES;
				CLANG_WARN_SUSPICIOUS_MOVE = YES;
				CLANG_WARN_UNGUARDED_AVAILABILITY = YES_AGGRESSIVE;
				CLANG_WARN_UNREACHABLE_CODE = YES;
				CLANG_WARN__DUPLICATE_METHOD_MATCH = YES;
				COPY_PHASE_STRIP = NO;
				DEBUG_INFORMATION_FORMAT = dwarf;
				ENABLE_STRICT_OBJC_MSGSEND = YES;
				ENABLE_TESTABILITY = YES;
				GCC_C_LANGUAGE_STANDARD = gnu11;
				GCC_DYNAMIC_NO_PIC = NO;
				GCC_NO_COMMON_BLOCKS = YES;
				GCC_OPTIMIZATION_LEVEL = 0;
				GCC_PREPROCESSOR_DEFINITIONS = (
					"DEBUG=1",
					"$(inherited)",
				);
				GCC_WARN_64_TO_32_BIT_CONVERSION = YES;
				GCC_WARN_ABOUT_RETURN_TYPE = YES_ERROR;
				GCC_WARN_UNDECLARED_SELECTOR = YES;
				GCC_WARN_UNINITIALIZED_AUTOS = YES_AGGRESSIVE;
				GCC_WARN_UNUSED_FUNCTION = YES;
				GCC_WARN_UNUSED_VARIABLE = YES;
				MTL_ENABLE_DEBUG_INFO = INCLUDE_SOURCE;
				MTL_FAST_MATH = YES;
				ONLY_ACTIVE_ARCH = YES;
				SWIFT_ACTIVE_COMPILATION_CONDITIONS = DEBUG;
				SWIFT_OPTIMIZATION_LEVEL = "-Onone";
			};
			name = Debug;
		};
		77AB83B2261CC1F600F44999 /* Release */ = {
			isa = XCBuildConfiguration;
			buildSettings = {
				ALWAYS_SEARCH_USER_PATHS = NO;
				CLANG_ANALYZER_NONNULL = YES;
				CLANG_ANALYZER_NUMBER_OBJECT_CONVERSION = YES_AGGRESSIVE;
				CLANG_CXX_LANGUAGE_STANDARD = "gnu++14";
				CLANG_CXX_LIBRARY = "libc++";
				CLANG_ENABLE_MODULES = YES;
				CLANG_ENABLE_OBJC_ARC = YES;
				CLANG_ENABLE_OBJC_WEAK = YES;
				CLANG_WARN_BLOCK_CAPTURE_AUTORELEASING = YES;
				CLANG_WARN_BOOL_CONVERSION = YES;
				CLANG_WARN_COMMA = YES;
				CLANG_WARN_CONSTANT_CONVERSION = YES;
				CLANG_WARN_DEPRECATED_OBJC_IMPLEMENTATIONS = YES;
				CLANG_WARN_DIRECT_OBJC_ISA_USAGE = YES_ERROR;
				CLANG_WARN_DOCUMENTATION_COMMENTS = YES;
				CLANG_WARN_EMPTY_BODY = YES;
				CLANG_WARN_ENUM_CONVERSION = YES;
				CLANG_WARN_INFINITE_RECURSION = YES;
				CLANG_WARN_INT_CONVERSION = YES;
				CLANG_WARN_NON_LITERAL_NULL_CONVERSION = YES;
				CLANG_WARN_OBJC_IMPLICIT_RETAIN_SELF = YES;
				CLANG_WARN_OBJC_LITERAL_CONVERSION = YES;
				CLANG_WARN_OBJC_ROOT_CLASS = YES_ERROR;
				CLANG_WARN_QUOTED_INCLUDE_IN_FRAMEWORK_HEADER = YES;
				CLANG_WARN_RANGE_LOOP_ANALYSIS = YES;
				CLANG_WARN_STRICT_PROTOTYPES = YES;
				CLANG_WARN_SUSPICIOUS_MOVE = YES;
				CLANG_WARN_UNGUARDED_AVAILABILITY = YES_AGGRESSIVE;
				CLANG_WARN_UNREACHABLE_CODE = YES;
				CLANG_WARN__DUPLICATE_METHOD_MATCH = YES;
				COPY_PHASE_STRIP = NO;
				DEBUG_INFORMATION_FORMAT = "dwarf-with-dsym";
				ENABLE_NS_ASSERTIONS = NO;
				ENABLE_STRICT_OBJC_MSGSEND = YES;
				GCC_C_LANGUAGE_STANDARD = gnu11;
				GCC_NO_COMMON_BLOCKS = YES;
				GCC_WARN_64_TO_32_BIT_CONVERSION = YES;
				GCC_WARN_ABOUT_RETURN_TYPE = YES_ERROR;
				GCC_WARN_UNDECLARED_SELECTOR = YES;
				GCC_WARN_UNINITIALIZED_AUTOS = YES_AGGRESSIVE;
				GCC_WARN_UNUSED_FUNCTION = YES;
				GCC_WARN_UNUSED_VARIABLE = YES;
				MTL_ENABLE_DEBUG_INFO = NO;
				MTL_FAST_MATH = YES;
				SWIFT_COMPILATION_MODE = wholemodule;
				SWIFT_OPTIMIZATION_LEVEL = "-O";
			};
			name = Release;
		};
		77AB83B4261CC1F600F44999 /* Debug */ = {
			isa = XCBuildConfiguration;
			baseConfigurationReference = 06EA067A2BD20ACF388C0B7C /* Pods-FinMan (iOS).debug.xcconfig */;
			buildSettings = {
				ASSETCATALOG_COMPILER_APPICON_NAME = AppIcon;
				ASSETCATALOG_COMPILER_GLOBAL_ACCENT_COLOR_NAME = AccentColor;
				CODE_SIGN_STYLE = Automatic;
				DEVELOPMENT_TEAM = 3RHR7K3FP7;
				ENABLE_PREVIEWS = YES;
				INFOPLIST_FILE = iOS/Info.plist;
				IPHONEOS_DEPLOYMENT_TARGET = 14.0;
				LD_RUNPATH_SEARCH_PATHS = (
					"$(inherited)",
					"@executable_path/Frameworks",
				);
				PRODUCT_BUNDLE_IDENTIFIER = "com.mallow-tech.FinMan";
				PRODUCT_NAME = FinMan;
				SDKROOT = iphoneos;
				SWIFT_VERSION = 5.0;
				TARGETED_DEVICE_FAMILY = "1,2";
			};
			name = Debug;
		};
		77AB83B5261CC1F600F44999 /* Release */ = {
			isa = XCBuildConfiguration;
			baseConfigurationReference = DCF5B48F956346ECF3822AED /* Pods-FinMan (iOS).release.xcconfig */;
			buildSettings = {
				ASSETCATALOG_COMPILER_APPICON_NAME = AppIcon;
				ASSETCATALOG_COMPILER_GLOBAL_ACCENT_COLOR_NAME = AccentColor;
				CODE_SIGN_STYLE = Automatic;
				DEVELOPMENT_TEAM = 3RHR7K3FP7;
				ENABLE_PREVIEWS = YES;
				INFOPLIST_FILE = iOS/Info.plist;
				IPHONEOS_DEPLOYMENT_TARGET = 14.0;
				LD_RUNPATH_SEARCH_PATHS = (
					"$(inherited)",
					"@executable_path/Frameworks",
				);
				PRODUCT_BUNDLE_IDENTIFIER = "com.mallow-tech.FinMan";
				PRODUCT_NAME = FinMan;
				SDKROOT = iphoneos;
				SWIFT_VERSION = 5.0;
				TARGETED_DEVICE_FAMILY = "1,2";
				VALIDATE_PRODUCT = YES;
			};
			name = Release;
		};
		77AB83B7261CC1F600F44999 /* Debug */ = {
			isa = XCBuildConfiguration;
			baseConfigurationReference = F3F5A8FC264C2D9C324863A5 /* Pods-FinMan (macOS).debug.xcconfig */;
			buildSettings = {
				ASSETCATALOG_COMPILER_APPICON_NAME = AppIcon;
				ASSETCATALOG_COMPILER_GLOBAL_ACCENT_COLOR_NAME = AccentColor;
				CODE_SIGN_ENTITLEMENTS = macOS/macOS.entitlements;
				CODE_SIGN_STYLE = Automatic;
				COMBINE_HIDPI_IMAGES = YES;
				DEVELOPMENT_TEAM = 3RHR7K3FP7;
				ENABLE_HARDENED_RUNTIME = YES;
				ENABLE_PREVIEWS = YES;
				INFOPLIST_FILE = macOS/Info.plist;
				LD_RUNPATH_SEARCH_PATHS = (
					"$(inherited)",
					"@executable_path/../Frameworks",
				);
				MACOSX_DEPLOYMENT_TARGET = 11.0;
				PRODUCT_BUNDLE_IDENTIFIER = "com.mallow-tech.FinMan";
				PRODUCT_NAME = FinMan;
				SDKROOT = macosx;
				SWIFT_VERSION = 5.0;
			};
			name = Debug;
		};
		77AB83B8261CC1F600F44999 /* Release */ = {
			isa = XCBuildConfiguration;
			baseConfigurationReference = 0722921A7EFE7562C77A1452 /* Pods-FinMan (macOS).release.xcconfig */;
			buildSettings = {
				ASSETCATALOG_COMPILER_APPICON_NAME = AppIcon;
				ASSETCATALOG_COMPILER_GLOBAL_ACCENT_COLOR_NAME = AccentColor;
				CODE_SIGN_ENTITLEMENTS = macOS/macOS.entitlements;
				CODE_SIGN_STYLE = Automatic;
				COMBINE_HIDPI_IMAGES = YES;
				DEVELOPMENT_TEAM = 3RHR7K3FP7;
				ENABLE_HARDENED_RUNTIME = YES;
				ENABLE_PREVIEWS = YES;
				INFOPLIST_FILE = macOS/Info.plist;
				LD_RUNPATH_SEARCH_PATHS = (
					"$(inherited)",
					"@executable_path/../Frameworks",
				);
				MACOSX_DEPLOYMENT_TARGET = 11.0;
				PRODUCT_BUNDLE_IDENTIFIER = "com.mallow-tech.FinMan";
				PRODUCT_NAME = FinMan;
				SDKROOT = macosx;
				SWIFT_VERSION = 5.0;
			};
			name = Release;
		};
		77AB83BA261CC1F600F44999 /* Debug */ = {
			isa = XCBuildConfiguration;
			buildSettings = {
				ALWAYS_EMBED_SWIFT_STANDARD_LIBRARIES = YES;
				CODE_SIGN_STYLE = Automatic;
				DEVELOPMENT_TEAM = 3RHR7K3FP7;
				INFOPLIST_FILE = "Tests iOS/Info.plist";
				IPHONEOS_DEPLOYMENT_TARGET = 14.4;
				LD_RUNPATH_SEARCH_PATHS = (
					"$(inherited)",
					"@executable_path/Frameworks",
					"@loader_path/Frameworks",
				);
				PRODUCT_BUNDLE_IDENTIFIER = "com.mallow-tech.Tests-iOS";
				PRODUCT_NAME = "$(TARGET_NAME)";
				SDKROOT = iphoneos;
				SWIFT_VERSION = 5.0;
				TARGETED_DEVICE_FAMILY = "1,2";
				TEST_TARGET_NAME = "FinMan (iOS)";
			};
			name = Debug;
		};
		77AB83BB261CC1F600F44999 /* Release */ = {
			isa = XCBuildConfiguration;
			buildSettings = {
				ALWAYS_EMBED_SWIFT_STANDARD_LIBRARIES = YES;
				CODE_SIGN_STYLE = Automatic;
				DEVELOPMENT_TEAM = 3RHR7K3FP7;
				INFOPLIST_FILE = "Tests iOS/Info.plist";
				IPHONEOS_DEPLOYMENT_TARGET = 14.4;
				LD_RUNPATH_SEARCH_PATHS = (
					"$(inherited)",
					"@executable_path/Frameworks",
					"@loader_path/Frameworks",
				);
				PRODUCT_BUNDLE_IDENTIFIER = "com.mallow-tech.Tests-iOS";
				PRODUCT_NAME = "$(TARGET_NAME)";
				SDKROOT = iphoneos;
				SWIFT_VERSION = 5.0;
				TARGETED_DEVICE_FAMILY = "1,2";
				TEST_TARGET_NAME = "FinMan (iOS)";
				VALIDATE_PRODUCT = YES;
			};
			name = Release;
		};
		77AB83BD261CC1F600F44999 /* Debug */ = {
			isa = XCBuildConfiguration;
			buildSettings = {
				ALWAYS_EMBED_SWIFT_STANDARD_LIBRARIES = YES;
				CODE_SIGN_STYLE = Automatic;
				COMBINE_HIDPI_IMAGES = YES;
				DEVELOPMENT_TEAM = 3RHR7K3FP7;
				INFOPLIST_FILE = "Tests macOS/Info.plist";
				LD_RUNPATH_SEARCH_PATHS = (
					"$(inherited)",
					"@executable_path/../Frameworks",
					"@loader_path/../Frameworks",
				);
				MACOSX_DEPLOYMENT_TARGET = 11.1;
				PRODUCT_BUNDLE_IDENTIFIER = "com.mallow-tech.Tests-macOS";
				PRODUCT_NAME = "$(TARGET_NAME)";
				SDKROOT = macosx;
				SWIFT_VERSION = 5.0;
				TEST_TARGET_NAME = "FinMan (macOS)";
			};
			name = Debug;
		};
		77AB83BE261CC1F600F44999 /* Release */ = {
			isa = XCBuildConfiguration;
			buildSettings = {
				ALWAYS_EMBED_SWIFT_STANDARD_LIBRARIES = YES;
				CODE_SIGN_STYLE = Automatic;
				COMBINE_HIDPI_IMAGES = YES;
				DEVELOPMENT_TEAM = 3RHR7K3FP7;
				INFOPLIST_FILE = "Tests macOS/Info.plist";
				LD_RUNPATH_SEARCH_PATHS = (
					"$(inherited)",
					"@executable_path/../Frameworks",
					"@loader_path/../Frameworks",
				);
				MACOSX_DEPLOYMENT_TARGET = 11.1;
				PRODUCT_BUNDLE_IDENTIFIER = "com.mallow-tech.Tests-macOS";
				PRODUCT_NAME = "$(TARGET_NAME)";
				SDKROOT = macosx;
				SWIFT_VERSION = 5.0;
				TEST_TARGET_NAME = "FinMan (macOS)";
			};
			name = Release;
		};
/* End XCBuildConfiguration section */

/* Begin XCConfigurationList section */
		77AB8380261CC1F500F44999 /* Build configuration list for PBXProject "FinMan" */ = {
			isa = XCConfigurationList;
			buildConfigurations = (
				77AB83B1261CC1F600F44999 /* Debug */,
				77AB83B2261CC1F600F44999 /* Release */,
			);
			defaultConfigurationIsVisible = 0;
			defaultConfigurationName = Release;
		};
		77AB83B3261CC1F600F44999 /* Build configuration list for PBXNativeTarget "FinMan (iOS)" */ = {
			isa = XCConfigurationList;
			buildConfigurations = (
				77AB83B4261CC1F600F44999 /* Debug */,
				77AB83B5261CC1F600F44999 /* Release */,
			);
			defaultConfigurationIsVisible = 0;
			defaultConfigurationName = Release;
		};
		77AB83B6261CC1F600F44999 /* Build configuration list for PBXNativeTarget "FinMan (macOS)" */ = {
			isa = XCConfigurationList;
			buildConfigurations = (
				77AB83B7261CC1F600F44999 /* Debug */,
				77AB83B8261CC1F600F44999 /* Release */,
			);
			defaultConfigurationIsVisible = 0;
			defaultConfigurationName = Release;
		};
		77AB83B9261CC1F600F44999 /* Build configuration list for PBXNativeTarget "Tests iOS" */ = {
			isa = XCConfigurationList;
			buildConfigurations = (
				77AB83BA261CC1F600F44999 /* Debug */,
				77AB83BB261CC1F600F44999 /* Release */,
			);
			defaultConfigurationIsVisible = 0;
			defaultConfigurationName = Release;
		};
		77AB83BC261CC1F600F44999 /* Build configuration list for PBXNativeTarget "Tests macOS" */ = {
			isa = XCConfigurationList;
			buildConfigurations = (
				77AB83BD261CC1F600F44999 /* Debug */,
				77AB83BE261CC1F600F44999 /* Release */,
			);
			defaultConfigurationIsVisible = 0;
			defaultConfigurationName = Release;
		};
/* End XCConfigurationList section */
	};
	rootObject = 77AB837D261CC1F500F44999 /* Project object */;
}
